
Microsoft Visual Studio Solution File, Format Version 12.00
# Visual Studio Version 17
VisualStudioVersion = 17.5.33530.505
MinimumVisualStudioVersion = 10.0.40219.1
Project("{FAE04EC0-301F-11D3-BF4B-00C04F79EFBC}") = "QnABot", "QnABot.csproj", "{AE03EBBC-ABAB-4CAC-8E36-A0AEB4E03623}"
EndProject
Global
	GlobalSection(SolutionConfigurationPlatforms) = preSolution
		Debug|Any CPU = Debug|Any CPU
		Release|Any CPU = Release|Any CPU
	EndGlobalSection
	GlobalSection(ProjectConfigurationPlatforms) = postSolution
		{AE03EBBC-ABAB-4CAC-8E36-A0AEB4E03623}.Debug|Any CPU.ActiveCfg = Debug|Any CPU
		{AE03EBBC-ABAB-4CAC-8E36-A0AEB4E03623}.Debug|Any CPU.Build.0 = Debug|Any CPU
		{AE03EBBC-ABAB-4CAC-8E36-A0AEB4E03623}.Release|Any CPU.ActiveCfg = Release|Any CPU
		{AE03EBBC-ABAB-4CAC-8E36-A0AEB4E03623}.Release|Any CPU.Build.0 = Release|Any CPU
	EndGlobalSection
	GlobalSection(SolutionProperties) = preSolution
		HideSolutionNode = FALSE
	EndGlobalSection
	GlobalSection(ExtensibilityGlobals) = postSolution
		SolutionGuid = {08B7BB4A-99C9-4DB2-9772-23BF62BBB5EF}
	EndGlobalSection
EndGlobal
